Microsoft Visual Studio Solution File, Format Version 11.00
# Visual Studio 2008

Project("{85739DBE-E4BE-C9D9-CC69-BBBD8C68BB0E}") = "Duplicate Prototype", "Assembly-CSharp.csproj", "{53F62DEA-38EC-AC74-3461-A3F8AEBA7B92}"
EndProject
Global
	GlobalSection(SolutionConfigurationPlatforms) = preSolution
		Debug|Any CPU = Debug|Any CPU
		Release|Any CPU = Release|Any CPU
	EndGlobalSection
	GlobalSection(ProjectConfigurationPlatforms) = postSolution
		{53F62DEA-38EC-AC74-3461-A3F8AEBA7B92}.Debug|Any CPU.ActiveCfg = Debug|Any CPU
		{53F62DEA-38EC-AC74-3461-A3F8AEBA7B92}.Debug|Any CPU.Build.0 = Debug|Any CPU
		{53F62DEA-38EC-AC74-3461-A3F8AEBA7B92}.Release|Any CPU.ActiveCfg = Release|Any CPU
		{53F62DEA-38EC-AC74-3461-A3F8AEBA7B92}.Release|Any CPU.Build.0 = Release|Any CPU
	EndGlobalSection
	GlobalSection(SolutionProperties) = preSolution
		HideSolutionNode = FALSE
	EndGlobalSection
	GlobalSection(MonoDevelopProperties) = preSolution
		StartupItem = Assembly-CSharp.csproj
	EndGlobalSection
EndGlobal
